
Microsoft Visual Studio Solution File, Format Version 12.00
# Visual Studio Version 17
VisualStudioVersion = 17.3.32901.215
MinimumVisualStudioVersion = 10.0.40219.1
Project("{FAE04EC0-301F-11D3-BF4B-00C04F79EFBC}") = "Bubble Sort Sample", "Bubble Sort Sample\Bubble Sort Sample.csproj", "{67B2774C-8253-4994-8E4D-8FBA78372460}"
EndProject
Global
	GlobalSection(SolutionConfigurationPlatforms) = preSolution
		Debug|Any CPU = Debug|Any CPU
		Release|Any CPU = Release|Any CPU
	EndGlobalSection
	GlobalSection(ProjectConfigurationPlatforms) = postSolution
		{67B2774C-8253-4994-8E4D-8FBA78372460}.Debug|Any CPU.ActiveCfg = Debug|Any CPU
		{67B2774C-8253-4994-8E4D-8FBA78372460}.Debug|Any CPU.Build.0 = Debug|Any CPU
		{67B2774C-8253-4994-8E4D-8FBA78372460}.Release|Any CPU.ActiveCfg = Release|Any CPU
		{67B2774C-8253-4994-8E4D-8FBA78372460}.Release|Any CPU.Build.0 = Release|Any CPU
	EndGlobalSection
	GlobalSection(SolutionProperties) = preSolution
		HideSolutionNode = FALSE
	EndGlobalSection
	GlobalSection(ExtensibilityGlobals) = postSolution
		SolutionGuid = {130ECD09-EB1A-4A81-9310-223C5EF1FDC0}
	EndGlobalSection
EndGlobal
